// !$*UTF8*$!
{
	archiveVersion = 1;
	classes = {
	};
	objectVersion = 55;
	objects = {

/* Begin PBXBuildFile section */
		00453B5828AD37CF006E380C /* SecondViewController.swift in Sources */ = {isa = PBXBuildFile; fileRef = 00453B5728AD37CF006E380C /* SecondViewController.swift */; };
		00453B5E28AE8DA1006E380C /* ThirdViewController.swift in Sources */ = {isa = PBXBuildFile; fileRef = 00453B5D28AE8DA0006E380C /* ThirdViewController.swift */; };
		BBADB18D28AF5175002921FB /* FourthViewController.swift in Sources */ = {isa = PBXBuildFile; fileRef = BBADB18C28AF5175002921FB /* FourthViewController.swift */; };
		BBC93FDB28AC1AB200940CDD /* AppDelegate.swift in Sources */ = {isa = PBXBuildFile; fileRef = BBC93FDA28AC1AB200940CDD /* AppDelegate.swift */; };
		BBC93FDD28AC1AB200940CDD /* SceneDelegate.swift in Sources */ = {isa = PBXBuildFile; fileRef = BBC93FDC28AC1AB200940CDD /* SceneDelegate.swift */; };
		BBC93FDF28AC1AB200940CDD /* ViewController.swift in Sources */ = {isa = PBXBuildFile; fileRef = BBC93FDE28AC1AB200940CDD /* ViewController.swift */; };
		BBC93FE228AC1AB200940CDD /* Main.storyboard in Resources */ = {isa = PBXBuildFile; fileRef = BBC93FE028AC1AB200940CDD /* Main.storyboard */; };
		BBC93FE528AC1AB200940CDD /* taxcalculator.xcdatamodeld in Sources */ = {isa = PBXBuildFile; fileRef = BBC93FE328AC1AB200940CDD /* taxcalculator.xcdatamodeld */; };
		BBC93FE728AC1AB400940CDD /* Assets.xcassets in Resources */ = {isa = PBXBuildFile; fileRef = BBC93FE628AC1AB400940CDD /* Assets.xcassets */; };
		BBC93FEA28AC1AB400940CDD /* LaunchScreen.storyboard in Resources */ = {isa = PBXBuildFile; fileRef = BBC93FE828AC1AB400940CDD /* LaunchScreen.storyboard */; };
/* End PBXBuildFile section */

/* Begin PBXFileReference section */
		00453B5728AD37CF006E380C /* SecondViewController.swift */ = {isa = PBXFileReference; lastKnownFileType = sourcecode.swift; path = SecondViewController.swift; sourceTree = "<group>"; };
		00453B5D28AE8DA0006E380C /* ThirdViewController.swift */ = {isa = PBXFileReference; lastKnownFileType = sourcecode.swift; path = ThirdViewController.swift; sourceTree = "<group>"; };
		BBADB18C28AF5175002921FB /* FourthViewController.swift */ = {isa = PBXFileReference; lastKnownFileType = sourcecode.swift; path = FourthViewController.swift; sourceTree = "<group>"; };
		BBC93FD728AC1AB200940CDD /* taxcalculator.app */ = {isa = PBXFileReference; explicitFileType = wrapper.application; includeInIndex = 0; path = taxcalculator.app; sourceTree = BUILT_PRODUCTS_DIR; };
		BBC93FDA28AC1AB200940CDD /* AppDelegate.swift */ = {isa = PBXFileReference; lastKnownFileType = sourcecode.swift; path = AppDelegate.swift; sourceTree = "<group>"; };
		BBC93FDC28AC1AB200940CDD /* SceneDelegate.swift */ = {isa = PBXFileReference; lastKnownFileType = sourcecode.swift; path = SceneDelegate.swift; sourceTree = "<group>"; };
		BBC93FDE28AC1AB200940CDD /* ViewController.swift */ = {isa = PBXFileReference; lastKnownFileType = sourcecode.swift; path = ViewController.swift; sourceTree = "<group>"; };
		BBC93FE128AC1AB200940CDD /* Base */ = {isa = PBXFileReference; lastKnownFileType = file.storyboard; name = Base; path = Base.lproj/Main.storyboard; sourceTree = "<group>"; };
		BBC93FE428AC1AB200940CDD /* taxcalculator.xcdatamodel */ = {isa = PBXFileReference; lastKnownFileType = wrapper.xcdatamodel; path = taxcalculator.xcdatamodel; sourceTree = "<group>"; };
		BBC93FE628AC1AB400940CDD /* Assets.xcassets */ = {isa = PBXFileReference; lastKnownFileType = folder.assetcatalog; path = Assets.xcassets; sourceTree = "<group>"; };
		BBC93FE928AC1AB400940CDD /* Base */ = {isa = PBXFileReference; lastKnownFileType = file.storyboard; name = Base; path = Base.lproj/LaunchScreen.storyboard; sourceTree = "<group>"; };
		BBC93FEB28AC1AB400940CDD /* Info.plist */ = {isa = PBXFileReference; lastKnownFileType = text.plist.xml; path = Info.plist; sourceTree = "<group>"; };
/* End PBXFileReference section */

/* Begin PBXFrameworksBuildPhase section */
		BBC93FD428AC1AB200940CDD /* Frameworks */ = {
			isa = PBXFrameworksBuildPhase;
			buildActionMask = 2147483647;
			files = (
			);
			runOnlyForDeploymentPostprocessing = 0;
		};
/* End PBXFrameworksBuildPhase section */

/* Begin PBXGroup section */
		BBC93FCE28AC1AB200940CDD = {
			isa = PBXGroup;
			children = (
				BBADB18C28AF5175002921FB /* FourthViewController.swift */,
				BBC93FD928AC1AB200940CDD /* taxcalculator */,
				BBC93FD828AC1AB200940CDD /* Products */,
			);
			sourceTree = "<group>";
		};
		BBC93FD828AC1AB200940CDD /* Products */ = {
			isa = PBXGroup;
			children = (
				BBC93FD728AC1AB200940CDD /* taxcalculator.app */,
			);
			name = Products;
			sourceTree = "<group>";
		};
		BBC93FD928AC1AB200940CDD /* taxcalculator */ = {
			isa = PBXGroup;
			children = (
				BBC93FDA28AC1AB200940CDD /* AppDelegate.swift */,
				BBC93FDC28AC1AB200940CDD /* SceneDelegate.swift */,
				BBC93FDE28AC1AB200940CDD /* ViewController.swift */,
				00453B5728AD37CF006E380C /* SecondViewController.swift */,
				00453B5D28AE8DA0006E380C /* ThirdViewController.swift */,
				BBC93FE028AC1AB200940CDD /* Main.storyboard */,
				BBC93FE628AC1AB400940CDD /* Assets.xcassets */,
				BBC93FE828AC1AB400940CDD /* LaunchScreen.storyboard */,
				BBC93FEB28AC1AB400940CDD /* Info.plist */,
				BBC93FE328AC1AB200940CDD /* taxcalculator.xcdatamodeld */,
			);
			path = taxcalculator;
			sourceTree = "<group>";
		};
/* End PBXGroup section */

/* Begin PBXNativeTarget section */
		BBC93FD628AC1AB200940CDD /* taxcalculator */ = {
			isa = PBXNativeTarget;
			buildConfigurationList = BBC93FEE28AC1AB400940CDD /* Build configuration list for PBXNativeTarget "taxcalculator" */;
			buildPhases = (
				BBC93FD328AC1AB200940CDD /* Sources */,
				BBC93FD428AC1AB200940CDD /* Frameworks */,
				BBC93FD528AC1AB200940CDD /* Resources */,
			);
			buildRules = (
			);
			dependencies = (
			);
			name = taxcalculator;
			productName = taxcalculator;
			productReference = BBC93FD728AC1AB200940CDD /* taxcalculator.app */;
			productType = "com.apple.product-type.application";
		};
/* End PBXNativeTarget section */

/* Begin PBXProject section */
		BBC93FCF28AC1AB200940CDD /* Project object */ = {
			isa = PBXProject;
			attributes = {
				BuildIndependentTargetsInParallel = 1;
				LastSwiftUpdateCheck = 1320;
				LastUpgradeCheck = 1320;
				TargetAttributes = {
					BBC93FD628AC1AB200940CDD = {
						CreatedOnToolsVersion = 13.2.1;
					};
				};
			};
			buildConfigurationList = BBC93FD228AC1AB200940CDD /* Build configuration list for PBXProject "taxcalculator" */;
			compatibilityVersion = "Xcode 13.0";
			developmentRegion = en;
			hasScannedForEncodings = 0;
			knownRegions = (
				en,
				Base,
			);
			mainGroup = BBC93FCE28AC1AB200940CDD;
			productRefGroup = BBC93FD828AC1AB200940CDD /* Products */;
			projectDirPath = "";
			projectRoot = "";
			targets = (
				BBC93FD628AC1AB200940CDD /* taxcalculator */,
			);
		};
/* End PBXProject section */

/* Begin PBXResourcesBuildPhase section */
		BBC93FD528AC1AB200940CDD /* Resources */ = {
			isa = PBXResourcesBuildPhase;
			buildActionMask = 2147483647;
			files = (
				BBC93FEA28AC1AB400940CDD /* LaunchScreen.storyboard in Resources */,
				BBC93FE728AC1AB400940CDD /* Assets.xcassets in Resources */,
				BBC93FE228AC1AB200940CDD /* Main.storyboard in Resources */,
			);
			runOnlyForDeploymentPostprocessing = 0;
		};
/* End PBXResourcesBuildPhase section */

/* Begin PBXSourcesBuildPhase section */
		BBC93FD328AC1AB200940CDD /* Sources */ = {
			isa = PBXSourcesBuildPhase;
			buildActionMask = 2147483647;
			files = (
				BBC93FDF28AC1AB200940CDD /* ViewController.swift in Sources */,
				BBC93FE528AC1AB200940CDD /* taxcalculator.xcdatamodeld in Sources */,
				BBC93FDB28AC1AB200940CDD /* AppDelegate.swift in Sources */,
				BBADB18D28AF5175002921FB /* FourthViewController.swift in Sources */,
				00453B5828AD37CF006E380C /* SecondViewController.swift in Sources */,
				00453B5E28AE8DA1006E380C /* ThirdViewController.swift in Sources */,
				BBC93FDD28AC1AB200940CDD /* SceneDelegate.swift in Sources */,
			);
			runOnlyForDeploymentPostprocessing = 0;
		};
/* End PBXSourcesBuildPhase section */

/* Begin PBXVariantGroup section */
		BBC93FE028AC1AB200940CDD /* Main.storyboard */ = {
			isa = PBXVariantGroup;
			children = (
				BBC93FE128AC1AB200940CDD /* Base */,
			);
			name = Main.storyboard;
			sourceTree = "<group>";
		};
		BBC93FE828AC1AB400940CDD /* LaunchScreen.storyboard */ = {
			isa = PBXVariantGroup;
			children = (
				BBC93FE928AC1AB400940CDD /* Base */,
			);
			name = LaunchScreen.storyboard;
			sourceTree = "<group>";
		};
/* End PBXVariantGroup section */

/* Begin XCBuildConfiguration section */
		BBC93FEC28AC1AB400940CDD /* Debug */ = {
			isa = XCBuildConfiguration;
			buildSettings = {
				ALWAYS_SEARCH_USER_PATHS = NO;
				CLANG_ANALYZER_NONNULL = YES;
				CLANG_ANALYZER_NUMBER_OBJECT_CONVERSION = YES_AGGRESSIVE;
				CLANG_CXX_LANGUAGE_STANDARD = "gnu++17";
				CLANG_CXX_LIBRARY = "libc++";
				CLANG_ENABLE_MODULES = YES;
				CLANG_ENABLE_OBJC_ARC = YES;
				CLANG_ENABLE_OBJC_WEAK = YES;
				CLANG_WARN_BLOCK_CAPTURE_AUTORELEASING = YES;
				CLANG_WARN_BOOL_CONVERSION = YES;
				CLANG_WARN_COMMA = YES;
				CLANG_WARN_CONSTANT_CONVERSION = YES;
				CLANG_WARN_DEPRECATED_OBJC_IMPLEMENTATIONS = YES;
				CLANG_WARN_DIRECT_OBJC_ISA_USAGE = YES_ERROR;
				CLANG_WARN_DOCUMENTATION_COMMENTS = YES;
				CLANG_WARN_EMPTY_BODY = YES;
				CLANG_WARN_ENUM_CONVERSION = YES;
				CLANG_WARN_INFINITE_RECURSION = YES;
				CLANG_WARN_INT_CONVERSION = YES;
				CLANG_WARN_NON_LITERAL_NULL_CONVERSION = YES;
				CLANG_WARN_OBJC_IMPLICIT_RETAIN_SELF = YES;
				CLANG_WARN_OBJC_LITERAL_CONVERSION = YES;
				CLANG_WARN_OBJC_ROOT_CLASS = YES_ERROR;
				CLANG_WARN_QUOTED_INCLUDE_IN_FRAMEWORK_HEADER = YES;
				CLANG_WARN_RANGE_LOOP_ANALYSIS = YES;
				CLANG_WARN_STRICT_PROTOTYPES = YES;
				CLANG_WARN_SUSPICIOUS_MOVE = YES;
				CLANG_WARN_UNGUARDED_AVAILABILITY = YES_AGGRESSIVE;
				CLANG_WARN_UNREACHABLE_CODE = YES;
				CLANG_WARN__DUPLICATE_METHOD_MATCH = YES;
				COPY_PHASE_STRIP = NO;
				DEBUG_INFORMATION_FORMAT = dwarf;
				ENABLE_STRICT_OBJC_MSGSEND = YES;
				ENABLE_TESTABILITY = YES;
				GCC_C_LANGUAGE_STANDARD = gnu11;
				GCC_DYNAMIC_NO_PIC = NO;
				GCC_NO_COMMON_BLOCKS = YES;
				GCC_OPTIMIZATION_LEVEL = 0;
				GCC_PREPROCESSOR_DEFINITIONS = (
					"DEBUG=1",
					"$(inherited)",
				);
				GCC_WARN_64_TO_32_BIT_CONVERSION = YES;
				GCC_WARN_ABOUT_RETURN_TYPE = YES_ERROR;
				GCC_WARN_UNDECLARED_SELECTOR = YES;
				GCC_WARN_UNINITIALIZED_AUTOS = YES_AGGRESSIVE;
				GCC_WARN_UNUSED_FUNCTION = YES;
				GCC_WARN_UNUSED_VARIABLE = YES;
				IPHONEOS_DEPLOYMENT_TARGET = 15.2;
				MTL_ENABLE_DEBUG_INFO = INCLUDE_SOURCE;
				MTL_FAST_MATH = YES;
				ONLY_ACTIVE_ARCH = YES;
				SDKROOT = iphoneos;
				SWIFT_ACTIVE_COMPILATION_CONDITIONS = DEBUG;
				SWIFT_OPTIMIZATION_LEVEL = "-Onone";
			};
			name = Debug;
		};
		BBC93FED28AC1AB400940CDD /* Release */ = {
			isa = XCBuildConfiguration;
			buildSettings = {
				ALWAYS_SEARCH_USER_PATHS = NO;
				CLANG_ANALYZER_NONNULL = YES;
				CLANG_ANALYZER_NUMBER_OBJECT_CONVERSION = YES_AGGRESSIVE;
				CLANG_CXX_LANGUAGE_STANDARD = "gnu++17";
				CLANG_CXX_LIBRARY = "libc++";
				CLANG_ENABLE_MODULES = YES;
				CLANG_ENABLE_OBJC_ARC = YES;
				CLANG_ENABLE_OBJC_WEAK = YES;
				CLANG_WARN_BLOCK_CAPTURE_AUTORELEASING = YES;
				CLANG_WARN_BOOL_CONVERSION = YES;
				CLANG_WARN_COMMA = YES;
				CLANG_WARN_CONSTANT_CONVERSION = YES;
				CLANG_WARN_DEPRECATED_OBJC_IMPLEMENTATIONS = YES;
				CLANG_WARN_DIRECT_OBJC_ISA_USAGE = YES_ERROR;
				CLANG_WARN_DOCUMENTATION_COMMENTS = YES;
				CLANG_WARN_EMPTY_BODY = YES;
				CLANG_WARN_ENUM_CONVERSION = YES;
				CLANG_WARN_INFINITE_RECURSION = YES;
				CLANG_WARN_INT_CONVERSION = YES;
				CLANG_WARN_NON_LITERAL_NULL_CONVERSION = YES;
				CLANG_WARN_OBJC_IMPLICIT_RETAIN_SELF = YES;
				CLANG_WARN_OBJC_LITERAL_CONVERSION = YES;
				CLANG_WARN_OBJC_ROOT_CLASS = YES_ERROR;
				CLANG_WARN_QUOTED_INCLUDE_IN_FRAMEWORK_HEADER = YES;
				CLANG_WARN_RANGE_LOOP_ANALYSIS = YES;
				CLANG_WARN_STRICT_PROTOTYPES = YES;
				CLANG_WARN_SUSPICIOUS_MOVE = YES;
				CLANG_WARN_UNGUARDED_AVAILABILITY = YES_AGGRESSIVE;
				CLANG_WARN_UNREACHABLE_CODE = YES;
				CLANG_WARN__DUPLICATE_METHOD_MATCH = YES;
				COPY_PHASE_STRIP = NO;
				DEBUG_INFORMATION_FORMAT = "dwarf-with-dsym";
				ENABLE_NS_ASSERTIONS = NO;
				ENABLE_STRICT_OBJC_MSGSEND = YES;
				GCC_C_LANGUAGE_STANDARD = gnu11;
				GCC_NO_COMMON_BLOCKS = YES;
				GCC_WARN_64_TO_32_BIT_CONVERSION = YES;
				GCC_WARN_ABOUT_RETURN_TYPE = YES_ERROR;
				GCC_WARN_UNDECLARED_SELECTOR = YES;
				GCC_WARN_UNINITIALIZED_AUTOS = YES_AGGRESSIVE;
				GCC_WARN_UNUSED_FUNCTION = YES;
				GCC_WARN_UNUSED_VARIABLE = YES;
				IPHONEOS_DEPLOYMENT_TARGET = 15.2;
				MTL_ENABLE_DEBUG_INFO = NO;
				MTL_FAST_MATH = YES;
				SDKROOT = iphoneos;
				SWIFT_COMPILATION_MODE = wholemodule;
				SWIFT_OPTIMIZATION_LEVEL = "-O";
				VALIDATE_PRODUCT = YES;
			};
			name = Release;
		};
		BBC93FEF28AC1AB400940CDD /* Debug */ = {
			isa = XCBuildConfiguration;
			buildSettings = {
				ASSETCATALOG_COMPILER_APPICON_NAME = AppIcon;
				ASSETCATALOG_COMPILER_GLOBAL_ACCENT_COLOR_NAME = AccentColor;
				CODE_SIGN_STYLE = Automatic;
				CURRENT_PROJECT_VERSION = 1;
				DEVELOPMENT_TEAM = RP543JY5N7;
				GENERATE_INFOPLIST_FILE = YES;
				INFOPLIST_FILE = taxcalculator/Info.plist;
				INFOPLIST_KEY_UIApplicationSupportsIndirectInputEvents = YES;
				INFOPLIST_KEY_UILaunchStoryboardName = LaunchScreen;
				INFOPLIST_KEY_UIMainStoryboardFile = Main;
				INFOPLIST_KEY_UISupportedInterfaceOrientations_iPad = "UIInterfaceOrientationPortrait UIInterfaceOrientationPortraitUpsideDown UIInterfaceOrientationLandscapeLeft UIInterfaceOrientationLandscapeRight";
				INFOPLIST_KEY_UISupportedInterfaceOrientations_iPhone = "UIInterfaceOrientationPortrait UIInterfaceOrientationLandscapeLeft UIInterfaceOrientationLandscapeRight";
				LD_RUNPATH_SEARCH_PATHS = (
					"$(inherited)",
					"@executable_path/Frameworks",
				);
				MARKETING_VERSION = 1.0;
				PRODUCT_BUNDLE_IDENTIFIER = Hannah.taxcalculator;
				PRODUCT_NAME = "$(TARGET_NAME)";
				SWIFT_EMIT_LOC_STRINGS = YES;
				SWIFT_VERSION = 5.0;
				TARGETED_DEVICE_FAMILY = 1;
			};
			name = Debug;
		};
		BBC93FF028AC1AB400940CDD /* Release */ = {
			isa = XCBuildConfiguration;
			buildSettings = {
				ASSETCATALOG_COMPILER_APPICON_NAME = AppIcon;
				ASSETCATALOG_COMPILER_GLOBAL_ACCENT_COLOR_NAME = AccentColor;
				CODE_SIGN_STYLE = Automatic;
				CURRENT_PROJECT_VERSION = 1;
				DEVELOPMENT_TEAM = RP543JY5N7;
				GENERATE_INFOPLIST_FILE = YES;
				INFOPLIST_FILE = taxcalculator/Info.plist;
				INFOPLIST_KEY_UIApplicationSupportsIndirectInputEvents = YES;
				INFOPLIST_KEY_UILaunchStoryboardName = LaunchScreen;
				INFOPLIST_KEY_UIMainStoryboardFile = Main;
				INFOPLIST_KEY_UISupportedInterfaceOrientations_iPad = "UIInterfaceOrientationPortrait UIInterfaceOrientationPortraitUpsideDown UIInterfaceOrientationLandscapeLeft UIInterfaceOrientationLandscapeRight";
				INFOPLIST_KEY_UISupportedInterfaceOrientations_iPhone = "UIInterfaceOrientationPortrait UIInterfaceOrientationLandscapeLeft UIInterfaceOrientationLandscapeRight";
				LD_RUNPATH_SEARCH_PATHS = (
					"$(inherited)",
					"@executable_path/Frameworks",
				);
				MARKETING_VERSION = 1.0;
				PRODUCT_BUNDLE_IDENTIFIER = Hannah.taxcalculator;
				PRODUCT_NAME = "$(TARGET_NAME)";
				SWIFT_EMIT_LOC_STRINGS = YES;
				SWIFT_VERSION = 5.0;
				TARGETED_DEVICE_FAMILY = 1;
			};
			name = Release;
		};
/* End XCBuildConfiguration section */

/* Begin XCConfigurationList section */
		BBC93FD228AC1AB200940CDD /* Build configuration list for PBXProject "taxcalculator" */ = {
			isa = XCConfigurationList;
			buildConfigurations = (
				BBC93FEC28AC1AB400940CDD /* Debug */,
				BBC93FED28AC1AB400940CDD /* Release */,
			);
			defaultConfigurationIsVisible = 0;
			defaultConfigurationName = Release;
		};
		BBC93FEE28AC1AB400940CDD /* Build configuration list for PBXNativeTarget "taxcalculator" */ = {
			isa = XCConfigurationList;
			buildConfigurations = (
				BBC93FEF28AC1AB400940CDD /* Debug */,
				BBC93FF028AC1AB400940CDD /* Release */,
			);
			defaultConfigurationIsVisible = 0;
			defaultConfigurationName = Release;
		};
/* End XCConfigurationList section */

/* Begin XCVersionGroup section */
		BBC93FE328AC1AB200940CDD /* taxcalculator.xcdatamodeld */ = {
			isa = XCVersionGroup;
			children = (
				BBC93FE428AC1AB200940CDD /* taxcalculator.xcdatamodel */,
			);
			currentVersion = BBC93FE428AC1AB200940CDD /* taxcalculator.xcdatamodel */;
			path = taxcalculator.xcdatamodeld;
			sourceTree = "<group>";
			versionGroupType = wrapper.xcdatamodel;
		};
/* End XCVersionGroup section */
	};
	rootObject = BBC93FCF28AC1AB200940CDD /* Project object */;
}
